# This file is automatically @generated by Cargo.
# It is not intended for manual editing.
version = 3

[[package]]
name = "derive-name"
version = "1.1.0"
source = "registry+https://github.com/rust-lang/crates.io-index"
checksum = "a19af109a7f1118ab96e1fd2a0c87310787f791680fa71b4bbfa5dffbc358b08"
dependencies = [
 "derive-name-macros",
]

[[package]]
name = "derive-name-macros"
version = "1.1.1"
source = "registry+https://github.com/rust-lang/crates.io-index"
checksum = "aa60999fb9292247d7c7eec5dada22b4ba337394612b0d935616bf49964c8bfd"
dependencies = [
 "quote",
 "syn",
]

[[package]]
name = "derive-new"
version = "0.6.0"
source = "registry+https://github.com/rust-lang/crates.io-index"
checksum = "d150dea618e920167e5973d70ae6ece4385b7164e0d799fe7c122dd0a5d912ad"
dependencies = [
 "proc-macro2",
 "quote",
 "syn",
]

[[package]]
name = "memchr"
version = "2.7.2"
source = "registry+https://github.com/rust-lang/crates.io-index"
checksum = "6c8640c5d730cb13ebd907d8d04b52f55ac9a2eec55b440c8892f40d56c76c1d"

[[package]]
name = "minimal-lexical"
version = "0.2.1"
source = "registry+https://github.com/rust-lang/crates.io-index"
checksum = "68354c5c6bd36d73ff3feceb05efa59b6acb7626617f4962be322a825e61f79a"

[[package]]
name = "nom"
version = "7.1.3"
source = "registry+https://github.com/rust-lang/crates.io-index"
checksum = "d273983c5a657a70a3e8f2a01329822f3b8c8172b73826411a55751e404a0a4a"
dependencies = [
 "memchr",
 "minimal-lexical",
]

[[package]]
name = "proc-macro2"
version = "1.0.80"
source = "registry+https://github.com/rust-lang/crates.io-index"
checksum = "a56dea16b0a29e94408b9aa5e2940a4eedbd128a1ba20e8f7ae60fd3d465af0e"
dependencies = [
 "unicode-ident",
]

[[package]]
name = "quote"
version = "1.0.36"
source = "registry+https://github.com/rust-lang/crates.io-index"
checksum = "0fa76aaf39101c457836aec0ce2316dbdc3ab723cdda1c6bd4e6ad4208acaca7"
dependencies = [
 "proc-macro2",
]

[[package]]
name = "swpp_interpreter"
version = "0.1.0"
dependencies = [
 "derive-name",
 "derive-new",
 "nom",
 "text_io",
]

[[package]]
name = "syn"
version = "2.0.59"
source = "registry+https://github.com/rust-lang/crates.io-index"
checksum = "4a6531ffc7b071655e4ce2e04bd464c4830bb585a61cabb96cf808f05172615a"
dependencies = [
 "proc-macro2",
 "quote",
 "unicode-ident",
]

[[package]]
name = "text_io"
version = "0.1.12"
source = "registry+https://github.com/rust-lang/crates.io-index"
checksum = "d5f0c8eb2ad70c12a6a69508f499b3051c924f4b1cfeae85bfad96e6bc5bba46"

[[package]]
name = "unicode-ident"
version = "1.0.12"
source = "registry+https://github.com/rust-lang/crates.io-index"
checksum = "3354b9ac3fae1ff6755cb6db53683adb661634f67557942dea4facebec0fee4b"
